
Microsoft Visual Studio Solution File, Format Version 12.00
# Visual Studio Version 17
VisualStudioVersion = 17.9.34616.47
MinimumVisualStudioVersion = 10.0.40219.1
Project("{FAE04EC0-301F-11D3-BF4B-00C04F79EFBC}") = "RecipeBook", "RecipeBook.csproj", "{69F64BD2-2FEE-44F4-BBE8-3E327ACBA778}"
EndProject
Global
	GlobalSection(SolutionConfigurationPlatforms) = preSolution
		Debug|Any CPU = Debug|Any CPU
		Release|Any CPU = Release|Any CPU
	EndGlobalSection
	GlobalSection(ProjectConfigurationPlatforms) = postSolution
		{69F64BD2-2FEE-44F4-BBE8-3E327ACBA778}.Debug|Any CPU.ActiveCfg = Debug|Any CPU
		{69F64BD2-2FEE-44F4-BBE8-3E327ACBA778}.Debug|Any CPU.Build.0 = Debug|Any CPU
		{69F64BD2-2FEE-44F4-BBE8-3E327ACBA778}.Release|Any CPU.ActiveCfg = Release|Any CPU
		{69F64BD2-2FEE-44F4-BBE8-3E327ACBA778}.Release|Any CPU.Build.0 = Release|Any CPU
	EndGlobalSection
	GlobalSection(SolutionProperties) = preSolution
		HideSolutionNode = FALSE
	EndGlobalSection
	GlobalSection(ExtensibilityGlobals) = postSolution
		SolutionGuid = {728FF728-D57E-44BE-855F-B29032A7A532}
	EndGlobalSection
EndGlobal
